
Microsoft Visual Studio Solution File, Format Version 12.00
# Visual Studio 15
VisualStudioVersion = 15.0.28010.2050
MinimumVisualStudioVersion = 10.0.40219.1
Project("{9A19103F-16F7-4668-BE54-9A1E7A4F7556}") = "JSViewer_Angular(Core)", "JSViewer_Angular(Core).csproj", "{EAFBD9CE-DDA9-4AD0-9862-CAF1A778E2FE}"
EndProject
Global
	GlobalSection(SolutionConfigurationPlatforms) = preSolution
		Debug|Any CPU = Debug|Any CPU
		Release|Any CPU = Release|Any CPU
	EndGlobalSection
	GlobalSection(ProjectConfigurationPlatforms) = postSolution
		{EAFBD9CE-DDA9-4AD0-9862-CAF1A778E2FE}.Debug|Any CPU.ActiveCfg = Debug|Any CPU
		{EAFBD9CE-DDA9-4AD0-9862-CAF1A778E2FE}.Debug|Any CPU.Build.0 = Debug|Any CPU
		{EAFBD9CE-DDA9-4AD0-9862-CAF1A778E2FE}.Release|Any CPU.ActiveCfg = Release|Any CPU
		{EAFBD9CE-DDA9-4AD0-9862-CAF1A778E2FE}.Release|Any CPU.Build.0 = Release|Any CPU
	EndGlobalSection
	GlobalSection(SolutionProperties) = preSolution
		HideSolutionNode = FALSE
	EndGlobalSection
	GlobalSection(ExtensibilityGlobals) = postSolution
		SolutionGuid = {1FCA9E07-D40B-49F4-B960-5B8A9F097E87}
	EndGlobalSection
EndGlobal
