
Microsoft Visual Studio Solution File, Format Version 12.00
# Visual Studio Version 16
VisualStudioVersion = 16.0.30104.148
MinimumVisualStudioVersion = 10.0.40219.1
Project("{FAE04EC0-301F-11D3-BF4B-00C04F79EFBC}") = "JSViewer_Blazor", "JSViewer_Blazor.csproj", "{872AEF84-42F6-47FE-A0C6-469B587F2E2F}"
EndProject
Global
	GlobalSection(SolutionConfigurationPlatforms) = preSolution
		Debug|Any CPU = Debug|Any CPU
		Release|Any CPU = Release|Any CPU
	EndGlobalSection
	GlobalSection(ProjectConfigurationPlatforms) = postSolution
		{872AEF84-42F6-47FE-A0C6-469B587F2E2F}.Debug|Any CPU.ActiveCfg = Debug|Any CPU
		{872AEF84-42F6-47FE-A0C6-469B587F2E2F}.Debug|Any CPU.Build.0 = Debug|Any CPU
		{872AEF84-42F6-47FE-A0C6-469B587F2E2F}.Release|Any CPU.ActiveCfg = Release|Any CPU
		{872AEF84-42F6-47FE-A0C6-469B587F2E2F}.Release|Any CPU.Build.0 = Release|Any CPU
	EndGlobalSection
	GlobalSection(SolutionProperties) = preSolution
		HideSolutionNode = FALSE
	EndGlobalSection
	GlobalSection(ExtensibilityGlobals) = postSolution
		SolutionGuid = {04D8FC22-560A-49EE-8CF0-A8B2088FFC22}
	EndGlobalSection
EndGlobal
