
Microsoft Visual Studio Solution File, Format Version 12.00
# Visual Studio 15
VisualStudioVersion = 15.0.27130.2036
MinimumVisualStudioVersion = 10.0.40219.1
Project("{9A19103F-16F7-4668-BE54-9A1E7A4F7556}") = "WebDesigner_MVC(Core)", "WebDesigner_MVC(Core).csproj", "{ACDFE7B4-20B5-4E37-9849-EA193FECD352}"
EndProject
Global
	GlobalSection(SolutionConfigurationPlatforms) = preSolution
		Debug|Any CPU = Debug|Any CPU
		Release|Any CPU = Release|Any CPU
	EndGlobalSection
	GlobalSection(ProjectConfigurationPlatforms) = postSolution
		{ACDFE7B4-20B5-4E37-9849-EA193FECD352}.Debug|Any CPU.ActiveCfg = Debug|Any CPU
		{ACDFE7B4-20B5-4E37-9849-EA193FECD352}.Debug|Any CPU.Build.0 = Debug|Any CPU
		{ACDFE7B4-20B5-4E37-9849-EA193FECD352}.Release|Any CPU.ActiveCfg = Release|Any CPU
		{ACDFE7B4-20B5-4E37-9849-EA193FECD352}.Release|Any CPU.Build.0 = Release|Any CPU
	EndGlobalSection
	GlobalSection(SolutionProperties) = preSolution
		HideSolutionNode = FALSE
	EndGlobalSection
	GlobalSection(ExtensibilityGlobals) = postSolution
		SolutionGuid = {FBDEA34A-7080-4029-BADC-582CC53AA722}
	EndGlobalSection
EndGlobal
